
Microsoft Visual Studio Solution File, Format Version 12.00
# Visual Studio Version 16
VisualStudioVersion = 16.0.31702.278
MinimumVisualStudioVersion = 10.0.40219.1
Project("{FAE04EC0-301F-11D3-BF4B-00C04F79EFBC}") = "EntityFramework", "EntityFramework\EntityFramework.csproj", "{5DCBEF70-A5EF-4C2C-BE54-F293BC2ED952}"
EndProject
Global
	GlobalSection(SolutionConfigurationPlatforms) = preSolution
		Debug|Any CPU = Debug|Any CPU
		Release|Any CPU = Release|Any CPU
	EndGlobalSection
	GlobalSection(ProjectConfigurationPlatforms) = postSolution
		{5DCBEF70-A5EF-4C2C-BE54-F293BC2ED952}.Debug|Any CPU.ActiveCfg = Debug|Any CPU
		{5DCBEF70-A5EF-4C2C-BE54-F293BC2ED952}.Debug|Any CPU.Build.0 = Debug|Any CPU
		{5DCBEF70-A5EF-4C2C-BE54-F293BC2ED952}.Release|Any CPU.ActiveCfg = Release|Any CPU
		{5DCBEF70-A5EF-4C2C-BE54-F293BC2ED952}.Release|Any CPU.Build.0 = Release|Any CPU
	EndGlobalSection
	GlobalSection(SolutionProperties) = preSolution
		HideSolutionNode = FALSE
	EndGlobalSection
	GlobalSection(ExtensibilityGlobals) = postSolution
		SolutionGuid = {E62EEE63-1FF0-4B3E-BC11-7655F2E75ED8}
	EndGlobalSection
EndGlobal
